{
  "version": 4,
  "terraform_version": "0.14.8",
  "serial": 110,
  "lineage": "9f5fc653-7d59-01c9-9ffb-775c518c8c51",
  "outputs": {
    "windows_vm_public_ip": {
      "value": [
        "104.45.157.25"
      ],
      "type": [
        "tuple",
        [
          "string"
        ]
      ]
    }
  },
  "resources": [
    {
      "mode": "managed",
      "type": "azurerm_resource_group",
      "name": "rg",
      "provider": "provider[\"registry.terraform.io/hashicorp/azurerm\"]",
      "instances": [
        {
          "schema_version": 0,
          "attributes": {
            "id": "/subscriptions/5512ccff-e438-4e2f-be18-21b19ecb7a0a/resourceGroups/bilal-tf-rg",
            "location": "eastus",
            "name": "bilal-tf-rg",
            "tags": {
              "environment": "Bilal Terraform Lab"
            },
            "timeouts": null
          },
          "sensitive_attributes": [],
          "private": "eyJlMmJmYjczMC1lY2FhLTExZTYtOGY4OC0zNDM2M2JjN2M0YzAiOnsiY3JlYXRlIjo1NDAwMDAwMDAwMDAwLCJkZWxldGUiOjU0MDAwMDAwMDAwMDAsInJlYWQiOjMwMDAwMDAwMDAwMCwidXBkYXRlIjo1NDAwMDAwMDAwMDAwfX0="
        }
      ]
    },
    {
      "module": "module.network",
      "mode": "data",
      "type": "azurerm_resource_group",
      "name": "network",
      "provider": "provider[\"registry.terraform.io/hashicorp/azurerm\"]",
      "instances": [
        {
          "schema_version": 0,
          "attributes": {
            "id": "/subscriptions/5512ccff-e438-4e2f-be18-21b19ecb7a0a/resourceGroups/bilal-tf-rg",
            "location": "eastus",
            "name": "bilal-tf-rg",
            "tags": {
              "environment": "Bilal Terraform Lab"
            },
            "timeouts": null
          },
          "sensitive_attributes": []
        }
      ]
    },
    {
      "module": "module.network",
      "mode": "managed",
      "type": "azurerm_subnet",
      "name": "subnet",
      "provider": "provider[\"registry.terraform.io/hashicorp/azurerm\"]",
      "instances": [
        {
          "index_key": 0,
          "schema_version": 0,
          "attributes": {
            "address_prefix": "10.0.2.0/24",
            "address_prefixes": [
              "10.0.2.0/24"
            ],
            "delegation": [],
            "enforce_private_link_endpoint_network_policies": false,
            "enforce_private_link_service_network_policies": false,
            "id": "/subscriptions/5512ccff-e438-4e2f-be18-21b19ecb7a0a/resourceGroups/bilal-tf-rg/providers/Microsoft.Network/virtualNetworks/acctvnet/subnets/bilal-tf-subnet2",
            "name": "bilal-tf-subnet2",
            "resource_group_name": "bilal-tf-rg",
            "service_endpoint_policy_ids": null,
            "service_endpoints": null,
            "timeouts": null,
            "virtual_network_name": "acctvnet"
          },
          "sensitive_attributes": [],
          "private": "eyJlMmJmYjczMC1lY2FhLTExZTYtOGY4OC0zNDM2M2JjN2M0YzAiOnsiY3JlYXRlIjoxODAwMDAwMDAwMDAwLCJkZWxldGUiOjE4MDAwMDAwMDAwMDAsInJlYWQiOjMwMDAwMDAwMDAwMCwidXBkYXRlIjoxODAwMDAwMDAwMDAwfX0=",
          "dependencies": [
            "azurerm_resource_group.rg",
            "module.network.azurerm_virtual_network.vnet",
            "module.network.data.azurerm_resource_group.network"
          ]
        }
      ]
    },
    {
      "module": "module.network",
      "mode": "managed",
      "type": "azurerm_virtual_network",
      "name": "vnet",
      "provider": "provider[\"registry.terraform.io/hashicorp/azurerm\"]",
      "instances": [
        {
          "schema_version": 0,
          "attributes": {
            "address_space": [
              "10.0.0.0/16"
            ],
            "bgp_community": "",
            "ddos_protection_plan": [],
            "dns_servers": [],
            "guid": "a51e2fa2-7166-4fcf-b097-d2017f0ec4f1",
            "id": "/subscriptions/5512ccff-e438-4e2f-be18-21b19ecb7a0a/resourceGroups/bilal-tf-rg/providers/Microsoft.Network/virtualNetworks/acctvnet",
            "location": "eastus",
            "name": "acctvnet",
            "resource_group_name": "bilal-tf-rg",
            "subnet": [],
            "tags": {
              "environment": "dev"
            },
            "timeouts": null,
            "vm_protection_enabled": false
          },
          "sensitive_attributes": [],
          "private": "eyJlMmJmYjczMC1lY2FhLTExZTYtOGY4OC0zNDM2M2JjN2M0YzAiOnsiY3JlYXRlIjoxODAwMDAwMDAwMDAwLCJkZWxldGUiOjE4MDAwMDAwMDAwMDAsInJlYWQiOjMwMDAwMDAwMDAwMCwidXBkYXRlIjoxODAwMDAwMDAwMDAwfX0=",
          "dependencies": [
            "azurerm_resource_group.rg",
            "module.network.data.azurerm_resource_group.network"
          ]
        }
      ]
    },
    {
      "module": "module.windowsservers",
      "mode": "data",
      "type": "azurerm_public_ip",
      "name": "vm",
      "provider": "provider[\"registry.terraform.io/hashicorp/azurerm\"]",
      "instances": [
        {
          "index_key": 0,
          "schema_version": 0,
          "attributes": {
            "allocation_method": "Dynamic",
            "domain_name_label": "",
            "fqdn": "",
            "id": "/subscriptions/5512ccff-e438-4e2f-be18-21b19ecb7a0a/resourceGroups/bilal-tf-rg/providers/Microsoft.Network/publicIPAddresses/mywinvm-pip-0",
            "idle_timeout_in_minutes": 4,
            "ip_address": "104.45.157.25",
            "ip_version": "IPv4",
            "location": "eastus",
            "name": "mywinvm-pip-0",
            "resource_group_name": "bilal-tf-rg",
            "reverse_fqdn": "",
            "sku": "Basic",
            "tags": {
              "source": "terraform"
            },
            "timeouts": null,
            "zones": []
          },
          "sensitive_attributes": []
        }
      ]
    },
    {
      "module": "module.windowsservers",
      "mode": "data",
      "type": "azurerm_resource_group",
      "name": "vm",
      "provider": "provider[\"registry.terraform.io/hashicorp/azurerm\"]",
      "instances": [
        {
          "schema_version": 0,
          "attributes": {
            "id": "/subscriptions/5512ccff-e438-4e2f-be18-21b19ecb7a0a/resourceGroups/bilal-tf-rg",
            "location": "eastus",
            "name": "bilal-tf-rg",
            "tags": {
              "environment": "Bilal Terraform Lab"
            },
            "timeouts": null
          },
          "sensitive_attributes": []
        }
      ]
    },
    {
      "module": "module.windowsservers",
      "mode": "managed",
      "type": "azurerm_availability_set",
      "name": "vm",
      "provider": "provider[\"registry.terraform.io/hashicorp/azurerm\"]",
      "instances": [
        {
          "schema_version": 0,
          "attributes": {
            "id": "/subscriptions/5512ccff-e438-4e2f-be18-21b19ecb7a0a/resourceGroups/bilal-tf-rg/providers/Microsoft.Compute/availabilitySets/mywinvm-avset",
            "location": "eastus",
            "managed": true,
            "name": "mywinvm-avset",
            "platform_fault_domain_count": 2,
            "platform_update_domain_count": 2,
            "proximity_placement_group_id": null,
            "resource_group_name": "bilal-tf-rg",
            "tags": {
              "source": "terraform"
            },
            "timeouts": null
          },
          "sensitive_attributes": [],
          "private": "eyJlMmJmYjczMC1lY2FhLTExZTYtOGY4OC0zNDM2M2JjN2M0YzAiOnsiY3JlYXRlIjoxODAwMDAwMDAwMDAwLCJkZWxldGUiOjE4MDAwMDAwMDAwMDAsInJlYWQiOjMwMDAwMDAwMDAwMCwidXBkYXRlIjoxODAwMDAwMDAwMDAwfX0=",
          "dependencies": [
            "azurerm_resource_group.rg",
            "module.windowsservers.data.azurerm_resource_group.vm"
          ]
        }
      ]
    },
    {
      "module": "module.windowsservers",
      "mode": "managed",
      "type": "azurerm_network_interface",
      "name": "vm",
      "provider": "provider[\"registry.terraform.io/hashicorp/azurerm\"]",
      "instances": [
        {
          "index_key": 0,
          "schema_version": 0,
          "attributes": {
            "applied_dns_servers": [],
            "dns_servers": [],
            "enable_accelerated_networking": false,
            "enable_ip_forwarding": false,
            "id": "/subscriptions/5512ccff-e438-4e2f-be18-21b19ecb7a0a/resourceGroups/bilal-tf-rg/providers/Microsoft.Network/networkInterfaces/mywinvm-nic-0",
            "internal_dns_name_label": "",
            "internal_domain_name_suffix": "uixr3jlgohhu5mex0iax4dwe4b.bx.internal.cloudapp.net",
            "ip_configuration": [
              {
                "name": "mywinvm-ip-0",
                "primary": true,
                "private_ip_address": "10.0.2.4",
                "private_ip_address_allocation": "Dynamic",
                "private_ip_address_version": "IPv4",
                "public_ip_address_id": "/subscriptions/5512ccff-e438-4e2f-be18-21b19ecb7a0a/resourceGroups/bilal-tf-rg/providers/Microsoft.Network/publicIPAddresses/mywinvm-pip-0",
                "subnet_id": "/subscriptions/5512ccff-e438-4e2f-be18-21b19ecb7a0a/resourceGroups/bilal-tf-rg/providers/Microsoft.Network/virtualNetworks/acctvnet/subnets/bilal-tf-subnet2"
              }
            ],
            "location": "eastus",
            "mac_address": "",
            "name": "mywinvm-nic-0",
            "private_ip_address": "10.0.2.4",
            "private_ip_addresses": [
              "10.0.2.4"
            ],
            "resource_group_name": "bilal-tf-rg",
            "tags": {
              "source": "terraform"
            },
            "timeouts": null,
            "virtual_machine_id": ""
          },
          "sensitive_attributes": [],
          "private": "eyJlMmJmYjczMC1lY2FhLTExZTYtOGY4OC0zNDM2M2JjN2M0YzAiOnsiY3JlYXRlIjoxODAwMDAwMDAwMDAwLCJkZWxldGUiOjE4MDAwMDAwMDAwMDAsInJlYWQiOjMwMDAwMDAwMDAwMCwidXBkYXRlIjoxODAwMDAwMDAwMDAwfX0=",
          "dependencies": [
            "azurerm_resource_group.rg",
            "module.network.azurerm_subnet.subnet",
            "module.network.azurerm_virtual_network.vnet",
            "module.network.data.azurerm_resource_group.network",
            "module.windowsservers.azurerm_public_ip.vm",
            "module.windowsservers.data.azurerm_resource_group.vm"
          ]
        }
      ]
    },
    {
      "module": "module.windowsservers",
      "mode": "managed",
      "type": "azurerm_network_interface_security_group_association",
      "name": "test",
      "provider": "provider[\"registry.terraform.io/hashicorp/azurerm\"]",
      "instances": [
        {
          "index_key": 0,
          "schema_version": 0,
          "attributes": {
            "id": "/subscriptions/5512ccff-e438-4e2f-be18-21b19ecb7a0a/resourceGroups/bilal-tf-rg/providers/Microsoft.Network/networkInterfaces/mywinvm-nic-0|/subscriptions/5512ccff-e438-4e2f-be18-21b19ecb7a0a/resourceGroups/bilal-tf-rg/providers/Microsoft.Network/networkSecurityGroups/mywinvm-nsg",
            "network_interface_id": "/subscriptions/5512ccff-e438-4e2f-be18-21b19ecb7a0a/resourceGroups/bilal-tf-rg/providers/Microsoft.Network/networkInterfaces/mywinvm-nic-0",
            "network_security_group_id": "/subscriptions/5512ccff-e438-4e2f-be18-21b19ecb7a0a/resourceGroups/bilal-tf-rg/providers/Microsoft.Network/networkSecurityGroups/mywinvm-nsg",
            "timeouts": null
          },
          "sensitive_attributes": [],
          "private": "eyJlMmJmYjczMC1lY2FhLTExZTYtOGY4OC0zNDM2M2JjN2M0YzAiOnsiY3JlYXRlIjoxODAwMDAwMDAwMDAwLCJkZWxldGUiOjE4MDAwMDAwMDAwMDAsInJlYWQiOjMwMDAwMDAwMDAwMCwidXBkYXRlIjoxODAwMDAwMDAwMDAwfX0=",
          "dependencies": [
            "azurerm_resource_group.rg",
            "module.network.azurerm_subnet.subnet",
            "module.network.azurerm_virtual_network.vnet",
            "module.network.data.azurerm_resource_group.network",
            "module.windowsservers.azurerm_network_interface.vm",
            "module.windowsservers.azurerm_network_security_group.vm",
            "module.windowsservers.azurerm_public_ip.vm",
            "module.windowsservers.data.azurerm_resource_group.vm"
          ]
        }
      ]
    },
    {
      "module": "module.windowsservers",
      "mode": "managed",
      "type": "azurerm_network_security_group",
      "name": "vm",
      "provider": "provider[\"registry.terraform.io/hashicorp/azurerm\"]",
      "instances": [
        {
          "schema_version": 0,
          "attributes": {
            "id": "/subscriptions/5512ccff-e438-4e2f-be18-21b19ecb7a0a/resourceGroups/bilal-tf-rg/providers/Microsoft.Network/networkSecurityGroups/mywinvm-nsg",
            "location": "eastus",
            "name": "mywinvm-nsg",
            "resource_group_name": "bilal-tf-rg",
            "security_rule": [],
            "tags": {
              "source": "terraform"
            },
            "timeouts": null
          },
          "sensitive_attributes": [],
          "private": "eyJlMmJmYjczMC1lY2FhLTExZTYtOGY4OC0zNDM2M2JjN2M0YzAiOnsiY3JlYXRlIjoxODAwMDAwMDAwMDAwLCJkZWxldGUiOjE4MDAwMDAwMDAwMDAsInJlYWQiOjMwMDAwMDAwMDAwMCwidXBkYXRlIjoxODAwMDAwMDAwMDAwfX0=",
          "dependencies": [
            "azurerm_resource_group.rg",
            "module.windowsservers.data.azurerm_resource_group.vm"
          ]
        }
      ]
    },
    {
      "module": "module.windowsservers",
      "mode": "managed",
      "type": "azurerm_network_security_rule",
      "name": "vm",
      "provider": "provider[\"registry.terraform.io/hashicorp/azurerm\"]",
      "instances": [
        {
          "index_key": 0,
          "schema_version": 0,
          "attributes": {
            "access": "Allow",
            "description": "Allow remote protocol in from all locations",
            "destination_address_prefix": "*",
            "destination_address_prefixes": null,
            "destination_application_security_group_ids": null,
            "destination_port_range": "3389",
            "destination_port_ranges": null,
            "direction": "Inbound",
            "id": "/subscriptions/5512ccff-e438-4e2f-be18-21b19ecb7a0a/resourceGroups/bilal-tf-rg/providers/Microsoft.Network/networkSecurityGroups/mywinvm-nsg/securityRules/allow_remote_3389_in_all",
            "name": "allow_remote_3389_in_all",
            "network_security_group_name": "mywinvm-nsg",
            "priority": 101,
            "protocol": "Tcp",
            "resource_group_name": "bilal-tf-rg",
            "source_address_prefix": "",
            "source_address_prefixes": [
              "0.0.0.0/0"
            ],
            "source_application_security_group_ids": null,
            "source_port_range": "*",
            "source_port_ranges": null,
            "timeouts": null
          },
          "sensitive_attributes": [],
          "private": "eyJlMmJmYjczMC1lY2FhLTExZTYtOGY4OC0zNDM2M2JjN2M0YzAiOnsiY3JlYXRlIjoxODAwMDAwMDAwMDAwLCJkZWxldGUiOjE4MDAwMDAwMDAwMDAsInJlYWQiOjMwMDAwMDAwMDAwMCwidXBkYXRlIjoxODAwMDAwMDAwMDAwfX0=",
          "dependencies": [
            "azurerm_resource_group.rg",
            "module.windowsservers.azurerm_network_security_group.vm",
            "module.windowsservers.data.azurerm_resource_group.vm"
          ]
        }
      ]
    },
    {
      "module": "module.windowsservers",
      "mode": "managed",
      "type": "azurerm_public_ip",
      "name": "vm",
      "provider": "provider[\"registry.terraform.io/hashicorp/azurerm\"]",
      "instances": [
        {
          "index_key": 0,
          "schema_version": 0,
          "attributes": {
            "allocation_method": "Dynamic",
            "domain_name_label": null,
            "fqdn": null,
            "id": "/subscriptions/5512ccff-e438-4e2f-be18-21b19ecb7a0a/resourceGroups/bilal-tf-rg/providers/Microsoft.Network/publicIPAddresses/mywinvm-pip-0",
            "idle_timeout_in_minutes": 4,
            "ip_address": "",
            "ip_version": "IPv4",
            "location": "eastus",
            "name": "mywinvm-pip-0",
            "public_ip_prefix_id": null,
            "resource_group_name": "bilal-tf-rg",
            "reverse_fqdn": null,
            "sku": "Basic",
            "tags": {
              "source": "terraform"
            },
            "timeouts": null,
            "zones": null
          },
          "sensitive_attributes": [],
          "private": "eyJlMmJmYjczMC1lY2FhLTExZTYtOGY4OC0zNDM2M2JjN2M0YzAiOnsiY3JlYXRlIjoxODAwMDAwMDAwMDAwLCJkZWxldGUiOjE4MDAwMDAwMDAwMDAsInJlYWQiOjMwMDAwMDAwMDAwMCwidXBkYXRlIjoxODAwMDAwMDAwMDAwfX0=",
          "dependencies": [
            "azurerm_resource_group.rg",
            "module.windowsservers.data.azurerm_resource_group.vm"
          ]
        }
      ]
    },
    {
      "module": "module.windowsservers",
      "mode": "managed",
      "type": "azurerm_virtual_machine",
      "name": "vm-windows",
      "provider": "provider[\"registry.terraform.io/hashicorp/azurerm\"]",
      "instances": [
        {
          "index_key": 0,
          "schema_version": 0,
          "attributes": {
            "additional_capabilities": [],
            "availability_set_id": "/subscriptions/5512ccff-e438-4e2f-be18-21b19ecb7a0a/resourcegroups/bilal-tf-rg/providers/microsoft.compute/availabilitysets/mywinvm-avset",
            "boot_diagnostics": [
              {
                "enabled": false,
                "storage_uri": ""
              }
            ],
            "delete_data_disks_on_termination": false,
            "delete_os_disk_on_termination": false,
            "id": "/subscriptions/5512ccff-e438-4e2f-be18-21b19ecb7a0a/resourceGroups/bilal-tf-rg/providers/Microsoft.Compute/virtualMachines/mywinvm-vmWindows-0",
            "identity": [],
            "license_type": null,
            "location": "eastus",
            "name": "mywinvm-vmWindows-0",
            "network_interface_ids": [
              "/subscriptions/5512ccff-e438-4e2f-be18-21b19ecb7a0a/resourceGroups/bilal-tf-rg/providers/Microsoft.Network/networkInterfaces/mywinvm-nic-0"
            ],
            "os_profile": [
              {
                "admin_password": "",
                "admin_username": "azureuser",
                "computer_name": "mywinvm-0",
                "custom_data": ""
              }
            ],
            "os_profile_linux_config": [],
            "os_profile_secrets": [],
            "os_profile_windows_config": [
              {
                "additional_unattend_config": [],
                "enable_automatic_upgrades": false,
                "provision_vm_agent": true,
                "timezone": "",
                "winrm": []
              }
            ],
            "plan": [],
            "primary_network_interface_id": null,
            "proximity_placement_group_id": null,
            "resource_group_name": "bilal-tf-rg",
            "storage_data_disk": [],
            "storage_image_reference": [
              {
                "id": "/subscriptions/5512ccff-e438-4e2f-be18-21b19ecb7a0a/resourceGroups/bilal-packer-rg/providers/Microsoft.Compute/images/BilalPackerWindowsOSImage",
                "offer": "",
                "publisher": "",
                "sku": "",
                "version": ""
              }
            ],
            "storage_os_disk": [
              {
                "caching": "ReadWrite",
                "create_option": "FromImage",
                "disk_size_gb": 127,
                "image_uri": "",
                "managed_disk_id": "/subscriptions/5512ccff-e438-4e2f-be18-21b19ecb7a0a/resourceGroups/bilal-tf-rg/providers/Microsoft.Compute/disks/mywinvm-osdisk-0",
                "managed_disk_type": "Premium_LRS",
                "name": "mywinvm-osdisk-0",
                "os_type": "Windows",
                "vhd_uri": "",
                "write_accelerator_enabled": false
              }
            ],
            "tags": {
              "source": "terraform"
            },
            "timeouts": null,
            "vm_size": "Standard_DS1_v2",
            "zones": null
          },
          "sensitive_attributes": [],
          "private": "eyJlMmJmYjczMC1lY2FhLTExZTYtOGY4OC0zNDM2M2JjN2M0YzAiOnsiY3JlYXRlIjozNjAwMDAwMDAwMDAwLCJkZWxldGUiOjM2MDAwMDAwMDAwMDAsInJlYWQiOjMwMDAwMDAwMDAwMCwidXBkYXRlIjozNjAwMDAwMDAwMDAwfX0=",
          "dependencies": [
            "azurerm_resource_group.rg",
            "module.network.azurerm_subnet.subnet",
            "module.network.azurerm_virtual_network.vnet",
            "module.network.data.azurerm_resource_group.network",
            "module.windowsservers.azurerm_availability_set.vm",
            "module.windowsservers.azurerm_network_interface.vm",
            "module.windowsservers.azurerm_public_ip.vm",
            "module.windowsservers.azurerm_storage_account.vm-sa",
            "module.windowsservers.data.azurerm_resource_group.vm"
          ]
        }
      ]
    },
    {
      "module": "module.windowsservers",
      "mode": "managed",
      "type": "random_id",
      "name": "vm-sa",
      "provider": "provider[\"registry.terraform.io/hashicorp/random\"]",
      "instances": [
        {
          "schema_version": 0,
          "attributes": {
            "b64_std": "eBmPhEJb",
            "b64_url": "eBmPhEJb",
            "byte_length": 6,
            "dec": "132051177325147",
            "hex": "78198f84425b",
            "id": "eBmPhEJb",
            "keepers": {
              "vm_hostname": "mywinvm"
            },
            "prefix": null
          },
          "sensitive_attributes": [],
          "private": "bnVsbA==",
          "dependencies": [
            "azurerm_resource_group.rg"
          ]
        }
      ]
    }
  ]
}
